
Microsoft Visual Studio Solution File, Format Version 12.00
# Visual Studio Version 16
VisualStudioVersion = 16.0.30621.155
MinimumVisualStudioVersion = 10.0.40219.1
Project("{9A19103F-16F7-4668-BE54-9A1E7A4F7556}") = "Common.Xamarin.ViewModel", "Common.Xamarin.ViewModel\Common.Xamarin.ViewModel.csproj", "{0FE2D5F0-342E-4C62-866E-6BF5CA164528}"
EndProject
Project("{2150E333-8FDC-42A3-9474-1A3956D46DE8}") = "Solution Items", "Solution Items", "{01FD0F73-B221-44E3-A5D7-B73A929D2EE6}"
	ProjectSection(SolutionItems) = preProject
		.gitignore = .gitignore
		LICENSE = LICENSE
		README.md = README.md
	EndProjectSection
EndProject
Project("{2150E333-8FDC-42A3-9474-1A3956D46DE8}") = "docs", "docs", "{5974F451-C668-4F70-A2B9-875D52BFE7BE}"
EndProject
Global
	GlobalSection(SolutionConfigurationPlatforms) = preSolution
		Debug|Any CPU = Debug|Any CPU
		Release|Any CPU = Release|Any CPU
	EndGlobalSection
	GlobalSection(ProjectConfigurationPlatforms) = postSolution
		{0FE2D5F0-342E-4C62-866E-6BF5CA164528}.Debug|Any CPU.ActiveCfg = Debug|Any CPU
		{0FE2D5F0-342E-4C62-866E-6BF5CA164528}.Debug|Any CPU.Build.0 = Debug|Any CPU
		{0FE2D5F0-342E-4C62-866E-6BF5CA164528}.Release|Any CPU.ActiveCfg = Release|Any CPU
		{0FE2D5F0-342E-4C62-866E-6BF5CA164528}.Release|Any CPU.Build.0 = Release|Any CPU
	EndGlobalSection
	GlobalSection(SolutionProperties) = preSolution
		HideSolutionNode = FALSE
	EndGlobalSection
	GlobalSection(NestedProjects) = preSolution
		{5974F451-C668-4F70-A2B9-875D52BFE7BE} = {01FD0F73-B221-44E3-A5D7-B73A929D2EE6}
	EndGlobalSection
	GlobalSection(ExtensibilityGlobals) = postSolution
		SolutionGuid = {F76A8779-B337-4FC2-8B61-BC8B54BA849A}
	EndGlobalSection
EndGlobal
