
Microsoft Visual Studio Solution File, Format Version 12.00
# Visual Studio Version 16
VisualStudioVersion = 16.0.30621.155
MinimumVisualStudioVersion = 10.0.40219.1
Project("{9A19103F-16F7-4668-BE54-9A1E7A4F7556}") = "Common.Xamarin.ViewModel", "Common.Xamarin.ViewModel\Common.Xamarin.ViewModel.csproj", "{0FE2D5F0-342E-4C62-866E-6BF5CA164528}"
EndProject
Project("{FAE04EC0-301F-11D3-BF4B-00C04F79EFBC}") = "TestProject.Android", "TestProject\TestProject.Android\TestProject.Android.csproj", "{F9D661E2-737E-4931-AE68-B1442C07DF32}"
EndProject
Project("{FAE04EC0-301F-11D3-BF4B-00C04F79EFBC}") = "TestProject.iOS", "TestProject\TestProject.iOS\TestProject.iOS.csproj", "{D18B0EA8-1656-41E2-BA42-ECC31EF48EFC}"
EndProject
Project("{9A19103F-16F7-4668-BE54-9A1E7A4F7556}") = "TestProject", "TestProject\TestProject\TestProject.csproj", "{15982A28-B9C7-4CDF-AFB4-EA65FD10B395}"
EndProject
Project("{2150E333-8FDC-42A3-9474-1A3956D46DE8}") = "Solution Items", "Solution Items", "{76CD3E79-560C-42CB-B069-99571C1D87EF}"
	ProjectSection(SolutionItems) = preProject
		.gitignore = .gitignore
		Common.Xamarin.ViewModel.Icon.png = Common.Xamarin.ViewModel.Icon.png
		README.md = README.md
	EndProjectSection
EndProject
Project("{FAE04EC0-301F-11D3-BF4B-00C04F79EFBC}") = "Common.Xamarin.ViewModel.ShellAware", "Common.Xamarin.ShellModel\Common.Xamarin.ViewModel.ShellAware.csproj", "{88DD9DB7-CE29-460A-A43C-3C3CD9B7262A}"
EndProject
Global
	GlobalSection(SolutionConfigurationPlatforms) = preSolution
		Debug|Any CPU = Debug|Any CPU
		Debug|iPhone = Debug|iPhone
		Debug|iPhoneSimulator = Debug|iPhoneSimulator
		Release|Any CPU = Release|Any CPU
		Release|iPhone = Release|iPhone
		Release|iPhoneSimulator = Release|iPhoneSimulator
	EndGlobalSection
	GlobalSection(ProjectConfigurationPlatforms) = postSolution
		{0FE2D5F0-342E-4C62-866E-6BF5CA164528}.Debug|Any CPU.ActiveCfg = Debug|Any CPU
		{0FE2D5F0-342E-4C62-866E-6BF5CA164528}.Debug|Any CPU.Build.0 = Debug|Any CPU
		{0FE2D5F0-342E-4C62-866E-6BF5CA164528}.Debug|iPhone.ActiveCfg = Debug|Any CPU
		{0FE2D5F0-342E-4C62-866E-6BF5CA164528}.Debug|iPhone.Build.0 = Debug|Any CPU
		{0FE2D5F0-342E-4C62-866E-6BF5CA164528}.Debug|iPhoneSimulator.ActiveCfg = Debug|Any CPU
		{0FE2D5F0-342E-4C62-866E-6BF5CA164528}.Debug|iPhoneSimulator.Build.0 = Debug|Any CPU
		{0FE2D5F0-342E-4C62-866E-6BF5CA164528}.Release|Any CPU.ActiveCfg = Release|Any CPU
		{0FE2D5F0-342E-4C62-866E-6BF5CA164528}.Release|Any CPU.Build.0 = Release|Any CPU
		{0FE2D5F0-342E-4C62-866E-6BF5CA164528}.Release|iPhone.ActiveCfg = Release|Any CPU
		{0FE2D5F0-342E-4C62-866E-6BF5CA164528}.Release|iPhone.Build.0 = Release|Any CPU
		{0FE2D5F0-342E-4C62-866E-6BF5CA164528}.Release|iPhoneSimulator.ActiveCfg = Release|Any CPU
		{0FE2D5F0-342E-4C62-866E-6BF5CA164528}.Release|iPhoneSimulator.Build.0 = Release|Any CPU
		{F9D661E2-737E-4931-AE68-B1442C07DF32}.Debug|Any CPU.ActiveCfg = Debug|Any CPU
		{F9D661E2-737E-4931-AE68-B1442C07DF32}.Debug|Any CPU.Build.0 = Debug|Any CPU
		{F9D661E2-737E-4931-AE68-B1442C07DF32}.Debug|Any CPU.Deploy.0 = Debug|Any CPU
		{F9D661E2-737E-4931-AE68-B1442C07DF32}.Debug|iPhone.ActiveCfg = Debug|Any CPU
		{F9D661E2-737E-4931-AE68-B1442C07DF32}.Debug|iPhone.Build.0 = Debug|Any CPU
		{F9D661E2-737E-4931-AE68-B1442C07DF32}.Debug|iPhone.Deploy.0 = Debug|Any CPU
		{F9D661E2-737E-4931-AE68-B1442C07DF32}.Debug|iPhoneSimulator.ActiveCfg = Debug|Any CPU
		{F9D661E2-737E-4931-AE68-B1442C07DF32}.Debug|iPhoneSimulator.Build.0 = Debug|Any CPU
		{F9D661E2-737E-4931-AE68-B1442C07DF32}.Debug|iPhoneSimulator.Deploy.0 = Debug|Any CPU
		{F9D661E2-737E-4931-AE68-B1442C07DF32}.Release|Any CPU.ActiveCfg = Release|Any CPU
		{F9D661E2-737E-4931-AE68-B1442C07DF32}.Release|Any CPU.Build.0 = Release|Any CPU
		{F9D661E2-737E-4931-AE68-B1442C07DF32}.Release|Any CPU.Deploy.0 = Release|Any CPU
		{F9D661E2-737E-4931-AE68-B1442C07DF32}.Release|iPhone.ActiveCfg = Release|Any CPU
		{F9D661E2-737E-4931-AE68-B1442C07DF32}.Release|iPhone.Build.0 = Release|Any CPU
		{F9D661E2-737E-4931-AE68-B1442C07DF32}.Release|iPhone.Deploy.0 = Release|Any CPU
		{F9D661E2-737E-4931-AE68-B1442C07DF32}.Release|iPhoneSimulator.ActiveCfg = Release|Any CPU
		{F9D661E2-737E-4931-AE68-B1442C07DF32}.Release|iPhoneSimulator.Build.0 = Release|Any CPU
		{F9D661E2-737E-4931-AE68-B1442C07DF32}.Release|iPhoneSimulator.Deploy.0 = Release|Any CPU
		{D18B0EA8-1656-41E2-BA42-ECC31EF48EFC}.Debug|Any CPU.ActiveCfg = Debug|iPhoneSimulator
		{D18B0EA8-1656-41E2-BA42-ECC31EF48EFC}.Debug|iPhone.ActiveCfg = Debug|iPhone
		{D18B0EA8-1656-41E2-BA42-ECC31EF48EFC}.Debug|iPhone.Build.0 = Debug|iPhone
		{D18B0EA8-1656-41E2-BA42-ECC31EF48EFC}.Debug|iPhoneSimulator.ActiveCfg = Debug|iPhoneSimulator
		{D18B0EA8-1656-41E2-BA42-ECC31EF48EFC}.Debug|iPhoneSimulator.Build.0 = Debug|iPhoneSimulator
		{D18B0EA8-1656-41E2-BA42-ECC31EF48EFC}.Release|Any CPU.ActiveCfg = Release|iPhoneSimulator
		{D18B0EA8-1656-41E2-BA42-ECC31EF48EFC}.Release|iPhone.ActiveCfg = Release|iPhone
		{D18B0EA8-1656-41E2-BA42-ECC31EF48EFC}.Release|iPhone.Build.0 = Release|iPhone
		{D18B0EA8-1656-41E2-BA42-ECC31EF48EFC}.Release|iPhoneSimulator.ActiveCfg = Release|iPhoneSimulator
		{D18B0EA8-1656-41E2-BA42-ECC31EF48EFC}.Release|iPhoneSimulator.Build.0 = Release|iPhoneSimulator
		{15982A28-B9C7-4CDF-AFB4-EA65FD10B395}.Debug|Any CPU.ActiveCfg = Debug|Any CPU
		{15982A28-B9C7-4CDF-AFB4-EA65FD10B395}.Debug|Any CPU.Build.0 = Debug|Any CPU
		{15982A28-B9C7-4CDF-AFB4-EA65FD10B395}.Debug|iPhone.ActiveCfg = Debug|Any CPU
		{15982A28-B9C7-4CDF-AFB4-EA65FD10B395}.Debug|iPhone.Build.0 = Debug|Any CPU
		{15982A28-B9C7-4CDF-AFB4-EA65FD10B395}.Debug|iPhoneSimulator.ActiveCfg = Debug|Any CPU
		{15982A28-B9C7-4CDF-AFB4-EA65FD10B395}.Debug|iPhoneSimulator.Build.0 = Debug|Any CPU
		{15982A28-B9C7-4CDF-AFB4-EA65FD10B395}.Release|Any CPU.ActiveCfg = Release|Any CPU
		{15982A28-B9C7-4CDF-AFB4-EA65FD10B395}.Release|Any CPU.Build.0 = Release|Any CPU
		{15982A28-B9C7-4CDF-AFB4-EA65FD10B395}.Release|iPhone.ActiveCfg = Release|Any CPU
		{15982A28-B9C7-4CDF-AFB4-EA65FD10B395}.Release|iPhone.Build.0 = Release|Any CPU
		{15982A28-B9C7-4CDF-AFB4-EA65FD10B395}.Release|iPhoneSimulator.ActiveCfg = Release|Any CPU
		{15982A28-B9C7-4CDF-AFB4-EA65FD10B395}.Release|iPhoneSimulator.Build.0 = Release|Any CPU
		{88DD9DB7-CE29-460A-A43C-3C3CD9B7262A}.Debug|Any CPU.ActiveCfg = Debug|Any CPU
		{88DD9DB7-CE29-460A-A43C-3C3CD9B7262A}.Debug|Any CPU.Build.0 = Debug|Any CPU
		{88DD9DB7-CE29-460A-A43C-3C3CD9B7262A}.Debug|iPhone.ActiveCfg = Debug|Any CPU
		{88DD9DB7-CE29-460A-A43C-3C3CD9B7262A}.Debug|iPhone.Build.0 = Debug|Any CPU
		{88DD9DB7-CE29-460A-A43C-3C3CD9B7262A}.Debug|iPhoneSimulator.ActiveCfg = Debug|Any CPU
		{88DD9DB7-CE29-460A-A43C-3C3CD9B7262A}.Debug|iPhoneSimulator.Build.0 = Debug|Any CPU
		{88DD9DB7-CE29-460A-A43C-3C3CD9B7262A}.Release|Any CPU.ActiveCfg = Release|Any CPU
		{88DD9DB7-CE29-460A-A43C-3C3CD9B7262A}.Release|Any CPU.Build.0 = Release|Any CPU
		{88DD9DB7-CE29-460A-A43C-3C3CD9B7262A}.Release|iPhone.ActiveCfg = Release|Any CPU
		{88DD9DB7-CE29-460A-A43C-3C3CD9B7262A}.Release|iPhone.Build.0 = Release|Any CPU
		{88DD9DB7-CE29-460A-A43C-3C3CD9B7262A}.Release|iPhoneSimulator.ActiveCfg = Release|Any CPU
		{88DD9DB7-CE29-460A-A43C-3C3CD9B7262A}.Release|iPhoneSimulator.Build.0 = Release|Any CPU
	EndGlobalSection
	GlobalSection(SolutionProperties) = preSolution
		HideSolutionNode = FALSE
	EndGlobalSection
	GlobalSection(ExtensibilityGlobals) = postSolution
		SolutionGuid = {F76A8779-B337-4FC2-8B61-BC8B54BA849A}
	EndGlobalSection
EndGlobal
